
Microsoft Visual Studio Solution File, Format Version 12.00
Project("{FAE04EC0-301F-11D3-BF4B-00C04F79EFBC}") = "TestTask", "TestTask\TestTask.csproj", "{DC0801F2-E655-4F8E-BFAB-718B05BDD39C}"
EndProject
Global
	GlobalSection(SolutionConfigurationPlatforms) = preSolution
		Debug|Any CPU = Debug|Any CPU
		Release|Any CPU = Release|Any CPU
	EndGlobalSection
	GlobalSection(ProjectConfigurationPlatforms) = postSolution
		{DC0801F2-E655-4F8E-BFAB-718B05BDD39C}.Debug|Any CPU.ActiveCfg = Debug|Any CPU
		{DC0801F2-E655-4F8E-BFAB-718B05BDD39C}.Debug|Any CPU.Build.0 = Debug|Any CPU
		{DC0801F2-E655-4F8E-BFAB-718B05BDD39C}.Release|Any CPU.ActiveCfg = Release|Any CPU
		{DC0801F2-E655-4F8E-BFAB-718B05BDD39C}.Release|Any CPU.Build.0 = Release|Any CPU
	EndGlobalSection
EndGlobal
